
Microsoft Visual Studio Solution File, Format Version 12.00
# Visual Studio Version 17
VisualStudioVersion = 17.4.33205.214
MinimumVisualStudioVersion = 10.0.40219.1
Project("{9A19103F-16F7-4668-BE54-9A1E7A4F7556}") = "ObligAtions", "ObligAtions.csproj", "{197988E3-3186-455B-BD4F-E48C92914106}"
EndProject
Project("{FAE04EC0-301F-11D3-BF4B-00C04F79EFBC}") = "Library", "..\Library\Library.csproj", "{CD172851-365C-4776-87F8-1BE8DF6BE761}"
EndProject
Global
	GlobalSection(SolutionConfigurationPlatforms) = preSolution
		Debug|Any CPU = Debug|Any CPU
		Release|Any CPU = Release|Any CPU
	EndGlobalSection
	GlobalSection(ProjectConfigurationPlatforms) = postSolution
		{197988E3-3186-455B-BD4F-E48C92914106}.Debug|Any CPU.ActiveCfg = Debug|Any CPU
		{197988E3-3186-455B-BD4F-E48C92914106}.Debug|Any CPU.Build.0 = Debug|Any CPU
		{197988E3-3186-455B-BD4F-E48C92914106}.Release|Any CPU.ActiveCfg = Release|Any CPU
		{197988E3-3186-455B-BD4F-E48C92914106}.Release|Any CPU.Build.0 = Release|Any CPU
		{CD172851-365C-4776-87F8-1BE8DF6BE761}.Debug|Any CPU.ActiveCfg = Debug|Any CPU
		{CD172851-365C-4776-87F8-1BE8DF6BE761}.Debug|Any CPU.Build.0 = Debug|Any CPU
		{CD172851-365C-4776-87F8-1BE8DF6BE761}.Release|Any CPU.ActiveCfg = Release|Any CPU
		{CD172851-365C-4776-87F8-1BE8DF6BE761}.Release|Any CPU.Build.0 = Release|Any CPU
	EndGlobalSection
	GlobalSection(SolutionProperties) = preSolution
		HideSolutionNode = FALSE
	EndGlobalSection
	GlobalSection(ExtensibilityGlobals) = postSolution
		SolutionGuid = {4F8D2FAA-502B-441C-8A6E-4086BE8462CF}
	EndGlobalSection
EndGlobal
